
Microsoft Visual Studio Solution File, Format Version 12.00
# Visual Studio Version 16
VisualStudioVersion = 16.0.32126.315
MinimumVisualStudioVersion = 10.0.40219.1
Project("{FAE04EC0-301F-11D3-BF4B-00C04F79EFBC}") = "CoreDemo2", "CoreDemo2\CoreDemo2.csproj", "{675CF612-07AC-43BF-A448-591D848A5291}"
EndProject
Project("{FAE04EC0-301F-11D3-BF4B-00C04F79EFBC}") = "EntityLayer", "EntityLayer\EntityLayer.csproj", "{F4CAF668-D58B-451F-81D8-E53EC307822B}"
EndProject
Project("{FAE04EC0-301F-11D3-BF4B-00C04F79EFBC}") = "DataAccessLayer", "DataAccessLayer\DataAccessLayer.csproj", "{0DEE7A19-8A06-4D78-87A4-7CD36521663D}"
EndProject
Project("{FAE04EC0-301F-11D3-BF4B-00C04F79EFBC}") = "BusinessLayer", "BusinessLayer\BusinessLayer.csproj", "{417CCB15-251F-4518-8917-D7E1ACB3A1B1}"
EndProject
Project("{FAE04EC0-301F-11D3-BF4B-00C04F79EFBC}") = "CoreLayer", "CoreLayer\CoreLayer.csproj", "{826B33C5-C6E6-42E7-A24C-2DC0AE4E1BC8}"
EndProject
Global
	GlobalSection(SolutionConfigurationPlatforms) = preSolution
		Debug|Any CPU = Debug|Any CPU
		Release|Any CPU = Release|Any CPU
	EndGlobalSection
	GlobalSection(ProjectConfigurationPlatforms) = postSolution
		{675CF612-07AC-43BF-A448-591D848A5291}.Debug|Any CPU.ActiveCfg = Debug|Any CPU
		{675CF612-07AC-43BF-A448-591D848A5291}.Debug|Any CPU.Build.0 = Debug|Any CPU
		{675CF612-07AC-43BF-A448-591D848A5291}.Release|Any CPU.ActiveCfg = Release|Any CPU
		{675CF612-07AC-43BF-A448-591D848A5291}.Release|Any CPU.Build.0 = Release|Any CPU
		{F4CAF668-D58B-451F-81D8-E53EC307822B}.Debug|Any CPU.ActiveCfg = Debug|Any CPU
		{F4CAF668-D58B-451F-81D8-E53EC307822B}.Debug|Any CPU.Build.0 = Debug|Any CPU
		{F4CAF668-D58B-451F-81D8-E53EC307822B}.Release|Any CPU.ActiveCfg = Release|Any CPU
		{F4CAF668-D58B-451F-81D8-E53EC307822B}.Release|Any CPU.Build.0 = Release|Any CPU
		{0DEE7A19-8A06-4D78-87A4-7CD36521663D}.Debug|Any CPU.ActiveCfg = Debug|Any CPU
		{0DEE7A19-8A06-4D78-87A4-7CD36521663D}.Debug|Any CPU.Build.0 = Debug|Any CPU
		{0DEE7A19-8A06-4D78-87A4-7CD36521663D}.Release|Any CPU.ActiveCfg = Release|Any CPU
		{0DEE7A19-8A06-4D78-87A4-7CD36521663D}.Release|Any CPU.Build.0 = Release|Any CPU
		{417CCB15-251F-4518-8917-D7E1ACB3A1B1}.Debug|Any CPU.ActiveCfg = Debug|Any CPU
		{417CCB15-251F-4518-8917-D7E1ACB3A1B1}.Debug|Any CPU.Build.0 = Debug|Any CPU
		{417CCB15-251F-4518-8917-D7E1ACB3A1B1}.Release|Any CPU.ActiveCfg = Release|Any CPU
		{417CCB15-251F-4518-8917-D7E1ACB3A1B1}.Release|Any CPU.Build.0 = Release|Any CPU
		{826B33C5-C6E6-42E7-A24C-2DC0AE4E1BC8}.Debug|Any CPU.ActiveCfg = Debug|Any CPU
		{826B33C5-C6E6-42E7-A24C-2DC0AE4E1BC8}.Debug|Any CPU.Build.0 = Debug|Any CPU
		{826B33C5-C6E6-42E7-A24C-2DC0AE4E1BC8}.Release|Any CPU.ActiveCfg = Release|Any CPU
		{826B33C5-C6E6-42E7-A24C-2DC0AE4E1BC8}.Release|Any CPU.Build.0 = Release|Any CPU
	EndGlobalSection
	GlobalSection(SolutionProperties) = preSolution
		HideSolutionNode = FALSE
	EndGlobalSection
	GlobalSection(ExtensibilityGlobals) = postSolution
		SolutionGuid = {84E0D09C-A05C-491B-A771-90B8C0513324}
	EndGlobalSection
EndGlobal
